{
  "name": "bootstrap",
  "version": "1.0.0",
  "lockfileVersion": 2,
  "requires": true,
  "packages": {
    "": {
      "name": "bootstrap",
      "version": "1.0.0",
      "license": "ISC",
      "dependencies": {
        "@fortawesome/fontawesome-free": "^6.2.1",
        "bootstrap": "^5.3.0-alpha1",
        "jquery": "^3.6.3",
        "swiper": "^8.4.6"
      }
    },
    "node_modules/@fortawesome/fontawesome-free": {
      "version": "6.2.1",
      "resolved": "https://registry.npmjs.org/@fortawesome/fontawesome-free/-/fontawesome-free-6.2.1.tgz",
      "integrity": "sha512-viouXhegu/TjkvYQoiRZK3aax69dGXxgEjpvZW81wIJdxm5Fnvp3VVIP4VHKqX4SvFw6qpmkILkD4RJWAdrt7A==",
      "hasInstallScript": true,
      "engines": {
        "node": ">=6"
      }
    },
    "node_modules/@popperjs/core": {
      "version": "2.11.6",
      "resolved": "https://registry.npmjs.org/@popperjs/core/-/core-2.11.6.tgz",
      "integrity": "sha512-50/17A98tWUfQ176raKiOGXuYpLyyVMkxxG6oylzL3BPOlA6ADGdK7EYunSa4I064xerltq9TGXs8HmOk5E+vw==",
      "peer": true,
      "funding": {
        "type": "opencollective",
        "url": "https://opencollective.com/popperjs"
      }
    },
    "node_modules/bootstrap": {
      "version": "5.3.0-alpha1",
      "resolved": "https://registry.npmjs.org/bootstrap/-/bootstrap-5.3.0-alpha1.tgz",
      "integrity": "sha512-ABZpKK4ObS3kKlIqH+ZVDqoy5t/bhFG0oHTAzByUdon7YIom0lpCeTqRniDzJmbtcWkNe800VVPBiJgxSYTYew==",
      "funding": [
        {
          "type": "github",
          "url": "https://github.com/sponsors/twbs"
        },
        {
          "type": "opencollective",
          "url": "https://opencollective.com/bootstrap"
        }
      ],
      "peerDependencies": {
        "@popperjs/core": "^2.11.6"
      }
    },
    "node_modules/dom7": {
      "version": "4.0.4",
      "resolved": "https://registry.npmjs.org/dom7/-/dom7-4.0.4.tgz",
      "integrity": "sha512-DSSgBzQ4rJWQp1u6o+3FVwMNnT5bzQbMb+o31TjYYeRi05uAcpF8koxdfzeoe5ElzPmua7W7N28YJhF7iEKqIw==",
      "dependencies": {
        "ssr-window": "^4.0.0"
      }
    },
    "node_modules/jquery": {
      "version": "3.6.3",
      "resolved": "https://registry.npmjs.org/jquery/-/jquery-3.6.3.tgz",
      "integrity": "sha512-bZ5Sy3YzKo9Fyc8wH2iIQK4JImJ6R0GWI9kL1/k7Z91ZBNgkRXE6U0JfHIizZbort8ZunhSI3jw9I6253ahKfg=="
    },
    "node_modules/ssr-window": {
      "version": "4.0.2",
      "resolved": "https://registry.npmjs.org/ssr-window/-/ssr-window-4.0.2.tgz",
      "integrity": "sha512-ISv/Ch+ig7SOtw7G2+qkwfVASzazUnvlDTwypdLoPoySv+6MqlOV10VwPSE6EWkGjhW50lUmghPmpYZXMu/+AQ=="
    },
    "node_modules/swiper": {
      "version": "8.4.6",
      "resolved": "https://registry.npmjs.org/swiper/-/swiper-8.4.6.tgz",
      "integrity": "sha512-HACW035vBz2T6Kfut23EAzXhcDpgR8doX+wjq0ZUvJgS5SQApGrV885DAPLBFnmPUISsAhNSVxPKDxqroFvXvQ==",
      "funding": [
        {
          "type": "patreon",
          "url": "https://www.patreon.com/swiperjs"
        },
        {
          "type": "open_collective",
          "url": "http://opencollective.com/swiper"
        }
      ],
      "hasInstallScript": true,
      "dependencies": {
        "dom7": "^4.0.4",
        "ssr-window": "^4.0.2"
      },
      "engines": {
        "node": ">= 4.7.0"
      }
    }
  },
  "dependencies": {
    "@fortawesome/fontawesome-free": {
      "version": "6.2.1",
      "resolved": "https://registry.npmjs.org/@fortawesome/fontawesome-free/-/fontawesome-free-6.2.1.tgz",
      "integrity": "sha512-viouXhegu/TjkvYQoiRZK3aax69dGXxgEjpvZW81wIJdxm5Fnvp3VVIP4VHKqX4SvFw6qpmkILkD4RJWAdrt7A=="
    },
    "@popperjs/core": {
      "version": "2.11.6",
      "resolved": "https://registry.npmjs.org/@popperjs/core/-/core-2.11.6.tgz",
      "integrity": "sha512-50/17A98tWUfQ176raKiOGXuYpLyyVMkxxG6oylzL3BPOlA6ADGdK7EYunSa4I064xerltq9TGXs8HmOk5E+vw==",
      "peer": true
    },
    "bootstrap": {
      "version": "5.3.0-alpha1",
      "resolved": "https://registry.npmjs.org/bootstrap/-/bootstrap-5.3.0-alpha1.tgz",
      "integrity": "sha512-ABZpKK4ObS3kKlIqH+ZVDqoy5t/bhFG0oHTAzByUdon7YIom0lpCeTqRniDzJmbtcWkNe800VVPBiJgxSYTYew==",
      "requires": {}
    },
    "dom7": {
      "version": "4.0.4",
      "resolved": "https://registry.npmjs.org/dom7/-/dom7-4.0.4.tgz",
      "integrity": "sha512-DSSgBzQ4rJWQp1u6o+3FVwMNnT5bzQbMb+o31TjYYeRi05uAcpF8koxdfzeoe5ElzPmua7W7N28YJhF7iEKqIw==",
      "requires": {
        "ssr-window": "^4.0.0"
      }
    },
    "jquery": {
      "version": "3.6.3",
      "resolved": "https://registry.npmjs.org/jquery/-/jquery-3.6.3.tgz",
      "integrity": "sha512-bZ5Sy3YzKo9Fyc8wH2iIQK4JImJ6R0GWI9kL1/k7Z91ZBNgkRXE6U0JfHIizZbort8ZunhSI3jw9I6253ahKfg=="
    },
    "ssr-window": {
      "version": "4.0.2",
      "resolved": "https://registry.npmjs.org/ssr-window/-/ssr-window-4.0.2.tgz",
      "integrity": "sha512-ISv/Ch+ig7SOtw7G2+qkwfVASzazUnvlDTwypdLoPoySv+6MqlOV10VwPSE6EWkGjhW50lUmghPmpYZXMu/+AQ=="
    },
    "swiper": {
      "version": "8.4.6",
      "resolved": "https://registry.npmjs.org/swiper/-/swiper-8.4.6.tgz",
      "integrity": "sha512-HACW035vBz2T6Kfut23EAzXhcDpgR8doX+wjq0ZUvJgS5SQApGrV885DAPLBFnmPUISsAhNSVxPKDxqroFvXvQ==",
      "requires": {
        "dom7": "^4.0.4",
        "ssr-window": "^4.0.2"
      }
    }
  }
}
